
Microsoft Visual Studio Solution File, Format Version 12.00
# Visual Studio 15
VisualStudioVersion = 15.0.27004.2005
MinimumVisualStudioVersion = 10.0.40219.1
Project("{FAE04EC0-301F-11D3-BF4B-00C04F79EFBC}") = "TrainingASPDotNet", "TrainingASPDotNet\TrainingASPDotNet.csproj", "{4E8B6DA1-E2E2-464C-82C6-018CFA16D8FB}"
EndProject
Global
	GlobalSection(SolutionConfigurationPlatforms) = preSolution
		Debug|Any CPU = Debug|Any CPU
		Release|Any CPU = Release|Any CPU
	EndGlobalSection
	GlobalSection(ProjectConfigurationPlatforms) = postSolution
		{4E8B6DA1-E2E2-464C-82C6-018CFA16D8FB}.Debug|Any CPU.ActiveCfg = Debug|Any CPU
		{4E8B6DA1-E2E2-464C-82C6-018CFA16D8FB}.Debug|Any CPU.Build.0 = Debug|Any CPU
		{4E8B6DA1-E2E2-464C-82C6-018CFA16D8FB}.Release|Any CPU.ActiveCfg = Release|Any CPU
		{4E8B6DA1-E2E2-464C-82C6-018CFA16D8FB}.Release|Any CPU.Build.0 = Release|Any CPU
	EndGlobalSection
	GlobalSection(SolutionProperties) = preSolution
		HideSolutionNode = FALSE
	EndGlobalSection
	GlobalSection(ExtensibilityGlobals) = postSolution
		SolutionGuid = {7CEFAAAE-8E4A-497E-9B40-9B0A292A9EB4}
	EndGlobalSection
EndGlobal
